{
  "name": "zmanim-lab-tests",
  "version": "1.0.0",
  "lockfileVersion": 3,
  "requires": true,
  "packages": {
    "": {
      "name": "zmanim-lab-tests",
      "version": "1.0.0",
      "license": "ISC",
      "devDependencies": {
        "@clerk/backend": "^2.24.0",
        "@clerk/testing": "^1.13.19",
        "@playwright/test": "^1.57.0",
        "@supabase/supabase-js": "^2.86.0",
        "@types/node": "^24.10.1",
        "dotenv": "^17.2.3",
        "mailslurp-client": "^16.0.0",
        "typescript": "^5.9.3"
      }
    },
    "node_modules/@clerk/backend": {
      "version": "2.24.0",
      "resolved": "https://registry.npmjs.org/@clerk/backend/-/backend-2.24.0.tgz",
      "integrity": "sha512-6If+zmUiNEWVt5MoTjCl+0xiAq+uRR5kj+6HBXDG75KwRrG0eW3gH43QntQYBQU/SqhGwY2UbogEplM8ndF7Fg==",
      "dev": true,
      "license": "MIT",
      "dependencies": {
        "@clerk/shared": "^3.36.0",
        "@clerk/types": "^4.101.3",
        "cookie": "1.0.2",
        "standardwebhooks": "^1.0.0",
        "tslib": "2.8.1"
      },
      "engines": {
        "node": ">=18.17.0"
      }
    },
    "node_modules/@clerk/shared": {
      "version": "3.36.0",
      "resolved": "https://registry.npmjs.org/@clerk/shared/-/shared-3.36.0.tgz",
      "integrity": "sha512-Yp4tL/x/iVft40DnxBjT/g/kQilZ+i9mYrqC1Lk6fUnfZV8t7E54GX19JtJSSONzjHsH6sCv3BmJaF1f7Eomkw==",
      "dev": true,
      "hasInstallScript": true,
      "license": "MIT",
      "dependencies": {
        "csstype": "3.1.3",
        "dequal": "2.0.3",
        "glob-to-regexp": "0.4.1",
        "js-cookie": "3.0.5",
        "std-env": "^3.9.0",
        "swr": "2.3.4"
      },
      "engines": {
        "node": ">=18.17.0"
      },
      "peerDependencies": {
        "react": "^18.0.0 || ^19.0.0 || ^19.0.0-0",
        "react-dom": "^18.0.0 || ^19.0.0 || ^19.0.0-0"
      },
      "peerDependenciesMeta": {
        "react": {
          "optional": true
        },
        "react-dom": {
          "optional": true
        }
      }
    },
    "node_modules/@clerk/testing": {
      "version": "1.13.19",
      "resolved": "https://registry.npmjs.org/@clerk/testing/-/testing-1.13.19.tgz",
      "integrity": "sha512-/BHR3FOIPaNZvV8ePwtpmg2hNYSNQX2g2I8fRSKSmyBwDElk3ruLAp9AqbwaiHjCXxfBasIy0Z2hecRL/VTofQ==",
      "dev": true,
      "license": "MIT",
      "dependencies": {
        "@clerk/backend": "^2.24.0",
        "@clerk/shared": "^3.36.0",
        "@clerk/types": "^4.101.3",
        "dotenv": "17.2.2"
      },
      "engines": {
        "node": ">=18.17.0"
      },
      "peerDependencies": {
        "@playwright/test": "^1",
        "cypress": "^13 || ^14"
      },
      "peerDependenciesMeta": {
        "@playwright/test": {
          "optional": true
        },
        "cypress": {
          "optional": true
        }
      }
    },
    "node_modules/@clerk/testing/node_modules/dotenv": {
      "version": "17.2.2",
      "resolved": "https://registry.npmjs.org/dotenv/-/dotenv-17.2.2.tgz",
      "integrity": "sha512-Sf2LSQP+bOlhKWWyhFsn0UsfdK/kCWRv1iuA2gXAwt3dyNabr6QSj00I2V10pidqz69soatm9ZwZvpQMTIOd5Q==",
      "dev": true,
      "license": "BSD-2-Clause",
      "engines": {
        "node": ">=12"
      },
      "funding": {
        "url": "https://dotenvx.com"
      }
    },
    "node_modules/@clerk/types": {
      "version": "4.101.3",
      "resolved": "https://registry.npmjs.org/@clerk/types/-/types-4.101.3.tgz",
      "integrity": "sha512-QkYSiR8EDjLhQ3K9aCZ323knzZQggzhi3qxSdFrtI/C8Osyytua3Bu4TOGGRgYSSD4VO3s8WUz3wQf4Qe0ps/g==",
      "dev": true,
      "license": "MIT",
      "dependencies": {
        "@clerk/shared": "^3.36.0"
      },
      "engines": {
        "node": ">=18.17.0"
      }
    },
    "node_modules/@playwright/test": {
      "version": "1.57.0",
      "resolved": "https://registry.npmjs.org/@playwright/test/-/test-1.57.0.tgz",
      "integrity": "sha512-6TyEnHgd6SArQO8UO2OMTxshln3QMWBtPGrOCgs3wVEmQmwyuNtB10IZMfmYDE0riwNR1cu4q+pPcxMVtaG3TA==",
      "dev": true,
      "license": "Apache-2.0",
      "peer": true,
      "dependencies": {
        "playwright": "1.57.0"
      },
      "bin": {
        "playwright": "cli.js"
      },
      "engines": {
        "node": ">=18"
      }
    },
    "node_modules/@stablelib/base64": {
      "version": "1.0.1",
      "resolved": "https://registry.npmjs.org/@stablelib/base64/-/base64-1.0.1.tgz",
      "integrity": "sha512-1bnPQqSxSuc3Ii6MhBysoWCg58j97aUjuCSZrGSmDxNqtytIi0k8utUenAwTZN4V5mXXYGsVUI9zeBqy+jBOSQ==",
      "dev": true,
      "license": "MIT"
    },
    "node_modules/@supabase/auth-js": {
      "version": "2.86.0",
      "resolved": "https://registry.npmjs.org/@supabase/auth-js/-/auth-js-2.86.0.tgz",
      "integrity": "sha512-3xPqMvBWC6Haqpr6hEWmSUqDq+6SA1BAEdbiaHdAZM9QjZ5uiQJ+6iD9pZOzOa6MVXZh4GmwjhC9ObIG0K1NcA==",
      "dev": true,
      "license": "MIT",
      "dependencies": {
        "tslib": "2.8.1"
      },
      "engines": {
        "node": ">=20.0.0"
      }
    },
    "node_modules/@supabase/functions-js": {
      "version": "2.86.0",
      "resolved": "https://registry.npmjs.org/@supabase/functions-js/-/functions-js-2.86.0.tgz",
      "integrity": "sha512-AlOoVfeaq9XGlBFIyXTmb+y+CZzxNO4wWbfgRM6iPpNU5WCXKawtQYSnhivi3UVxS7GA0rWovY4d6cIAxZAojA==",
      "dev": true,
      "license": "MIT",
      "dependencies": {
        "tslib": "2.8.1"
      },
      "engines": {
        "node": ">=20.0.0"
      }
    },
    "node_modules/@supabase/postgrest-js": {
      "version": "2.86.0",
      "resolved": "https://registry.npmjs.org/@supabase/postgrest-js/-/postgrest-js-2.86.0.tgz",
      "integrity": "sha512-QVf+wIXILcZJ7IhWhWn+ozdf8B+oO0Ulizh2AAPxD/6nQL+x3r9lJ47a+fpc/jvAOGXMbkeW534Kw6jz7e8iIA==",
      "dev": true,
      "license": "MIT",
      "dependencies": {
        "tslib": "2.8.1"
      },
      "engines": {
        "node": ">=20.0.0"
      }
    },
    "node_modules/@supabase/realtime-js": {
      "version": "2.86.0",
      "resolved": "https://registry.npmjs.org/@supabase/realtime-js/-/realtime-js-2.86.0.tgz",
      "integrity": "sha512-dyS8bFoP29R/sj5zLi0AP3JfgG8ar1nuImcz5jxSx7UIW7fbFsXhUCVrSY2Ofo0+Ev6wiATiSdBOzBfWaiFyPA==",
      "dev": true,
      "license": "MIT",
      "dependencies": {
        "@types/phoenix": "^1.6.6",
        "@types/ws": "^8.18.1",
        "tslib": "2.8.1",
        "ws": "^8.18.2"
      },
      "engines": {
        "node": ">=20.0.0"
      }
    },
    "node_modules/@supabase/storage-js": {
      "version": "2.86.0",
      "resolved": "https://registry.npmjs.org/@supabase/storage-js/-/storage-js-2.86.0.tgz",
      "integrity": "sha512-PM47jX/Mfobdtx7NNpoj9EvlrkapAVTQBZgGGslEXD6NS70EcGjhgRPBItwHdxZPM5GwqQ0cGMN06uhjeY2mHQ==",
      "dev": true,
      "license": "MIT",
      "dependencies": {
        "iceberg-js": "^0.8.0",
        "tslib": "2.8.1"
      },
      "engines": {
        "node": ">=20.0.0"
      }
    },
    "node_modules/@supabase/supabase-js": {
      "version": "2.86.0",
      "resolved": "https://registry.npmjs.org/@supabase/supabase-js/-/supabase-js-2.86.0.tgz",
      "integrity": "sha512-BaC9sv5+HGNy1ulZwY8/Ev7EjfYYmWD4fOMw9bDBqTawEj6JHAiOHeTwXLRzVaeSay4p17xYLN2NSCoGgXMQnw==",
      "dev": true,
      "license": "MIT",
      "dependencies": {
        "@supabase/auth-js": "2.86.0",
        "@supabase/functions-js": "2.86.0",
        "@supabase/postgrest-js": "2.86.0",
        "@supabase/realtime-js": "2.86.0",
        "@supabase/storage-js": "2.86.0"
      },
      "engines": {
        "node": ">=20.0.0"
      }
    },
    "node_modules/@types/node": {
      "version": "24.10.1",
      "resolved": "https://registry.npmjs.org/@types/node/-/node-24.10.1.tgz",
      "integrity": "sha512-GNWcUTRBgIRJD5zj+Tq0fKOJ5XZajIiBroOF0yvj2bSU1WvNdYS/dn9UxwsujGW4JX06dnHyjV2y9rRaybH0iQ==",
      "dev": true,
      "license": "MIT",
      "dependencies": {
        "undici-types": "~7.16.0"
      }
    },
    "node_modules/@types/phoenix": {
      "version": "1.6.6",
      "resolved": "https://registry.npmjs.org/@types/phoenix/-/phoenix-1.6.6.tgz",
      "integrity": "sha512-PIzZZlEppgrpoT2QgbnDU+MMzuR6BbCjllj0bM70lWoejMeNJAxCchxnv7J3XFkI8MpygtRpzXrIlmWUBclP5A==",
      "dev": true,
      "license": "MIT"
    },
    "node_modules/@types/ws": {
      "version": "8.18.1",
      "resolved": "https://registry.npmjs.org/@types/ws/-/ws-8.18.1.tgz",
      "integrity": "sha512-ThVF6DCVhA8kUGy+aazFQ4kXQ7E1Ty7A3ypFOe0IcJV8O/M511G99AW24irKrW56Wt44yG9+ij8FaqoBGkuBXg==",
      "dev": true,
      "license": "MIT",
      "dependencies": {
        "@types/node": "*"
      }
    },
    "node_modules/cookie": {
      "version": "1.0.2",
      "resolved": "https://registry.npmjs.org/cookie/-/cookie-1.0.2.tgz",
      "integrity": "sha512-9Kr/j4O16ISv8zBBhJoi4bXOYNTkFLOqSL3UDB0njXxCXNezjeyVrJyGOWtgfs/q2km1gwBcfH8q1yEGoMYunA==",
      "dev": true,
      "license": "MIT",
      "engines": {
        "node": ">=18"
      }
    },
    "node_modules/cross-fetch": {
      "version": "4.1.0",
      "resolved": "https://registry.npmjs.org/cross-fetch/-/cross-fetch-4.1.0.tgz",
      "integrity": "sha512-uKm5PU+MHTootlWEY+mZ4vvXoCn4fLQxT9dSc1sXVMSFkINTJVN8cAQROpwcKm8bJ/c7rgZVIBWzH5T78sNZZw==",
      "dev": true,
      "license": "MIT",
      "dependencies": {
        "node-fetch": "^2.7.0"
      }
    },
    "node_modules/csstype": {
      "version": "3.1.3",
      "resolved": "https://registry.npmjs.org/csstype/-/csstype-3.1.3.tgz",
      "integrity": "sha512-M1uQkMl8rQK/szD0LNhtqxIPLpimGm8sOBwU7lLnCpSbTyY3yeU1Vc7l4KT5zT4s/yOxHH5O7tIuuLOCnLADRw==",
      "dev": true,
      "license": "MIT"
    },
    "node_modules/dequal": {
      "version": "2.0.3",
      "resolved": "https://registry.npmjs.org/dequal/-/dequal-2.0.3.tgz",
      "integrity": "sha512-0je+qPKHEMohvfRTCEo3CrPG6cAzAYgmzKyxRiYSSDkS6eGJdyVJm7WaYA5ECaAD9wLB2T4EEeymA5aFVcYXCA==",
      "dev": true,
      "license": "MIT",
      "engines": {
        "node": ">=6"
      }
    },
    "node_modules/dotenv": {
      "version": "17.2.3",
      "resolved": "https://registry.npmjs.org/dotenv/-/dotenv-17.2.3.tgz",
      "integrity": "sha512-JVUnt+DUIzu87TABbhPmNfVdBDt18BLOWjMUFJMSi/Qqg7NTYtabbvSNJGOJ7afbRuv9D/lngizHtP7QyLQ+9w==",
      "dev": true,
      "license": "BSD-2-Clause",
      "engines": {
        "node": ">=12"
      },
      "funding": {
        "url": "https://dotenvx.com"
      }
    },
    "node_modules/fast-sha256": {
      "version": "1.3.0",
      "resolved": "https://registry.npmjs.org/fast-sha256/-/fast-sha256-1.3.0.tgz",
      "integrity": "sha512-n11RGP/lrWEFI/bWdygLxhI+pVeo1ZYIVwvvPkW7azl/rOy+F3HYRZ2K5zeE9mmkhQppyv9sQFx0JM9UabnpPQ==",
      "dev": true,
      "license": "Unlicense"
    },
    "node_modules/fsevents": {
      "version": "2.3.2",
      "resolved": "https://registry.npmjs.org/fsevents/-/fsevents-2.3.2.tgz",
      "integrity": "sha512-xiqMQR4xAeHTuB9uWm+fFRcIOgKBMiOBP+eXiyT7jsgVCq1bkVygt00oASowB7EdtpOHaaPgKt812P9ab+DDKA==",
      "dev": true,
      "hasInstallScript": true,
      "license": "MIT",
      "optional": true,
      "os": [
        "darwin"
      ],
      "engines": {
        "node": "^8.16.0 || ^10.6.0 || >=11.0.0"
      }
    },
    "node_modules/glob-to-regexp": {
      "version": "0.4.1",
      "resolved": "https://registry.npmjs.org/glob-to-regexp/-/glob-to-regexp-0.4.1.tgz",
      "integrity": "sha512-lkX1HJXwyMcprw/5YUZc2s7DrpAiHB21/V+E1rHUrVNokkvB6bqMzT0VfV6/86ZNabt1k14YOIaT7nDvOX3Iiw==",
      "dev": true,
      "license": "BSD-2-Clause"
    },
    "node_modules/iceberg-js": {
      "version": "0.8.0",
      "resolved": "https://registry.npmjs.org/iceberg-js/-/iceberg-js-0.8.0.tgz",
      "integrity": "sha512-kmgmea2nguZEvRqW79gDqNXyxA3OS5WIgMVffrHpqXV4F/J4UmNIw2vstixioLTNSkd5rFB8G0s3Lwzogm6OFw==",
      "dev": true,
      "license": "MIT",
      "engines": {
        "node": ">=20.0.0"
      }
    },
    "node_modules/js-cookie": {
      "version": "3.0.5",
      "resolved": "https://registry.npmjs.org/js-cookie/-/js-cookie-3.0.5.tgz",
      "integrity": "sha512-cEiJEAEoIbWfCZYKWhVwFuvPX1gETRYPw6LlaTKoxD3s2AkXzkCjnp6h0V77ozyqj0jakteJ4YqDJT830+lVGw==",
      "dev": true,
      "license": "MIT",
      "engines": {
        "node": ">=14"
      }
    },
    "node_modules/mailslurp-client": {
      "version": "16.0.0",
      "resolved": "https://registry.npmjs.org/mailslurp-client/-/mailslurp-client-16.0.0.tgz",
      "integrity": "sha512-4g3Zauq5vcHZ2HAanfLpdcXcsZhZj6ToL/hUY10YS1vHK2DGt9EEO43ms5wzLFHCMFOCsx6So1JMIER/n8rIXw==",
      "dev": true,
      "license": "MIT",
      "dependencies": {
        "cross-fetch": "^4.1.0"
      }
    },
    "node_modules/node-fetch": {
      "version": "2.7.0",
      "resolved": "https://registry.npmjs.org/node-fetch/-/node-fetch-2.7.0.tgz",
      "integrity": "sha512-c4FRfUm/dbcWZ7U+1Wq0AwCyFL+3nt2bEw05wfxSz+DWpWsitgmSgYmy2dQdWyKC1694ELPqMs/YzUSNozLt8A==",
      "dev": true,
      "license": "MIT",
      "dependencies": {
        "whatwg-url": "^5.0.0"
      },
      "engines": {
        "node": "4.x || >=6.0.0"
      },
      "peerDependencies": {
        "encoding": "^0.1.0"
      },
      "peerDependenciesMeta": {
        "encoding": {
          "optional": true
        }
      }
    },
    "node_modules/playwright": {
      "version": "1.57.0",
      "resolved": "https://registry.npmjs.org/playwright/-/playwright-1.57.0.tgz",
      "integrity": "sha512-ilYQj1s8sr2ppEJ2YVadYBN0Mb3mdo9J0wQ+UuDhzYqURwSoW4n1Xs5vs7ORwgDGmyEh33tRMeS8KhdkMoLXQw==",
      "dev": true,
      "license": "Apache-2.0",
      "dependencies": {
        "playwright-core": "1.57.0"
      },
      "bin": {
        "playwright": "cli.js"
      },
      "engines": {
        "node": ">=18"
      },
      "optionalDependencies": {
        "fsevents": "2.3.2"
      }
    },
    "node_modules/playwright-core": {
      "version": "1.57.0",
      "resolved": "https://registry.npmjs.org/playwright-core/-/playwright-core-1.57.0.tgz",
      "integrity": "sha512-agTcKlMw/mjBWOnD6kFZttAAGHgi/Nw0CZ2o6JqWSbMlI219lAFLZZCyqByTsvVAJq5XA5H8cA6PrvBRpBWEuQ==",
      "dev": true,
      "license": "Apache-2.0",
      "bin": {
        "playwright-core": "cli.js"
      },
      "engines": {
        "node": ">=18"
      }
    },
    "node_modules/react": {
      "version": "19.2.0",
      "resolved": "https://registry.npmjs.org/react/-/react-19.2.0.tgz",
      "integrity": "sha512-tmbWg6W31tQLeB5cdIBOicJDJRR2KzXsV7uSK9iNfLWQ5bIZfxuPEHp7M8wiHyHnn0DD1i7w3Zmin0FtkrwoCQ==",
      "dev": true,
      "license": "MIT",
      "peer": true,
      "engines": {
        "node": ">=0.10.0"
      }
    },
    "node_modules/standardwebhooks": {
      "version": "1.0.0",
      "resolved": "https://registry.npmjs.org/standardwebhooks/-/standardwebhooks-1.0.0.tgz",
      "integrity": "sha512-BbHGOQK9olHPMvQNHWul6MYlrRTAOKn03rOe4A8O3CLWhNf4YHBqq2HJKKC+sfqpxiBY52pNeesD6jIiLDz8jg==",
      "dev": true,
      "license": "MIT",
      "dependencies": {
        "@stablelib/base64": "^1.0.0",
        "fast-sha256": "^1.3.0"
      }
    },
    "node_modules/std-env": {
      "version": "3.10.0",
      "resolved": "https://registry.npmjs.org/std-env/-/std-env-3.10.0.tgz",
      "integrity": "sha512-5GS12FdOZNliM5mAOxFRg7Ir0pWz8MdpYm6AY6VPkGpbA7ZzmbzNcBJQ0GPvvyWgcY7QAhCgf9Uy89I03faLkg==",
      "dev": true,
      "license": "MIT"
    },
    "node_modules/swr": {
      "version": "2.3.4",
      "resolved": "https://registry.npmjs.org/swr/-/swr-2.3.4.tgz",
      "integrity": "sha512-bYd2lrhc+VarcpkgWclcUi92wYCpOgMws9Sd1hG1ntAu0NEy+14CbotuFjshBU2kt9rYj9TSmDcybpxpeTU1fg==",
      "dev": true,
      "license": "MIT",
      "dependencies": {
        "dequal": "^2.0.3",
        "use-sync-external-store": "^1.4.0"
      },
      "peerDependencies": {
        "react": "^16.11.0 || ^17.0.0 || ^18.0.0 || ^19.0.0"
      }
    },
    "node_modules/tr46": {
      "version": "0.0.3",
      "resolved": "https://registry.npmjs.org/tr46/-/tr46-0.0.3.tgz",
      "integrity": "sha512-N3WMsuqV66lT30CrXNbEjx4GEwlow3v6rr4mCcv6prnfwhS01rkgyFdjPNBYd9br7LpXV1+Emh01fHnq2Gdgrw==",
      "dev": true,
      "license": "MIT"
    },
    "node_modules/tslib": {
      "version": "2.8.1",
      "resolved": "https://registry.npmjs.org/tslib/-/tslib-2.8.1.tgz",
      "integrity": "sha512-oJFu94HQb+KVduSUQL7wnpmqnfmLsOA/nAh6b6EH0wCEoK0/mPeXU6c3wKDV83MkOuHPRHtSXKKU99IBazS/2w==",
      "dev": true,
      "license": "0BSD"
    },
    "node_modules/typescript": {
      "version": "5.9.3",
      "resolved": "https://registry.npmjs.org/typescript/-/typescript-5.9.3.tgz",
      "integrity": "sha512-jl1vZzPDinLr9eUt3J/t7V6FgNEw9QjvBPdysz9KfQDD41fQrC2Y4vKQdiaUpFT4bXlb1RHhLpp8wtm6M5TgSw==",
      "dev": true,
      "license": "Apache-2.0",
      "bin": {
        "tsc": "bin/tsc",
        "tsserver": "bin/tsserver"
      },
      "engines": {
        "node": ">=14.17"
      }
    },
    "node_modules/undici-types": {
      "version": "7.16.0",
      "resolved": "https://registry.npmjs.org/undici-types/-/undici-types-7.16.0.tgz",
      "integrity": "sha512-Zz+aZWSj8LE6zoxD+xrjh4VfkIG8Ya6LvYkZqtUQGJPZjYl53ypCaUwWqo7eI0x66KBGeRo+mlBEkMSeSZ38Nw==",
      "dev": true,
      "license": "MIT"
    },
    "node_modules/use-sync-external-store": {
      "version": "1.6.0",
      "resolved": "https://registry.npmjs.org/use-sync-external-store/-/use-sync-external-store-1.6.0.tgz",
      "integrity": "sha512-Pp6GSwGP/NrPIrxVFAIkOQeyw8lFenOHijQWkUTrDvrF4ALqylP2C/KCkeS9dpUM3KvYRQhna5vt7IL95+ZQ9w==",
      "dev": true,
      "license": "MIT",
      "peerDependencies": {
        "react": "^16.8.0 || ^17.0.0 || ^18.0.0 || ^19.0.0"
      }
    },
    "node_modules/webidl-conversions": {
      "version": "3.0.1",
      "resolved": "https://registry.npmjs.org/webidl-conversions/-/webidl-conversions-3.0.1.tgz",
      "integrity": "sha512-2JAn3z8AR6rjK8Sm8orRC0h/bcl/DqL7tRPdGZ4I1CjdF+EaMLmYxBHyXuKL849eucPFhvBoxMsflfOb8kxaeQ==",
      "dev": true,
      "license": "BSD-2-Clause"
    },
    "node_modules/whatwg-url": {
      "version": "5.0.0",
      "resolved": "https://registry.npmjs.org/whatwg-url/-/whatwg-url-5.0.0.tgz",
      "integrity": "sha512-saE57nupxk6v3HY35+jzBwYa0rKSy0XR8JSxZPwgLr7ys0IBzhGviA1/TUGJLmSVqs8pb9AnvICXEuOHLprYTw==",
      "dev": true,
      "license": "MIT",
      "dependencies": {
        "tr46": "~0.0.3",
        "webidl-conversions": "^3.0.0"
      }
    },
    "node_modules/ws": {
      "version": "8.18.3",
      "resolved": "https://registry.npmjs.org/ws/-/ws-8.18.3.tgz",
      "integrity": "sha512-PEIGCY5tSlUt50cqyMXfCzX+oOPqN0vuGqWzbcJ2xvnkzkq46oOpz7dQaTDBdfICb4N14+GARUDw2XV2N4tvzg==",
      "dev": true,
      "license": "MIT",
      "engines": {
        "node": ">=10.0.0"
      },
      "peerDependencies": {
        "bufferutil": "^4.0.1",
        "utf-8-validate": ">=5.0.2"
      },
      "peerDependenciesMeta": {
        "bufferutil": {
          "optional": true
        },
        "utf-8-validate": {
          "optional": true
        }
      }
    }
  }
}
